
Microsoft Visual Studio Solution File, Format Version 12.00
# Visual Studio 2013
VisualStudioVersion = 12.0.30501.0
MinimumVisualStudioVersion = 10.0.40219.1
Project("{2150E333-8FDC-42A3-9474-1A3956D46DE8}") = "Engine", "Engine", "{17CCDA16-D249-4166-A679-8B2F7B33B72C}"
EndProject
Project("{2150E333-8FDC-42A3-9474-1A3956D46DE8}") = "Games", "Games", "{1A3222A0-8B25-4561-B8E3-CB71E67C2BBE}"
EndProject
Project("{8BC9CEB8-8B4A-11D0-8D11-00A0C91BC942}") = "SleeperAgentAnisimov", "Intermediate\ProjectFiles\SleeperAgentAnisimov.vcxproj", "{E9553056-D072-4E6B-A8A3-6F2D36408086}"
EndProject
Project("{8BC9CEB8-8B4A-11D0-8D11-00A0C91BC942}") = "UE4", "Intermediate\ProjectFiles\UE4.vcxproj", "{798E34E2-F0D4-4362-9160-1FD093E294EA}"
EndProject
Global
	GlobalSection(SolutionConfigurationPlatforms) = preSolution
		DebugGame Editor|Windows = DebugGame Editor|Windows
		DebugGame|Windows = DebugGame|Windows
		Development Editor|Windows = Development Editor|Windows
		Development|Windows = Development|Windows
		Shipping|Windows = Shipping|Windows
	EndGlobalSection
	GlobalSection(ProjectConfigurationPlatforms) = postSolution
		{E9553056-D072-4E6B-A8A3-6F2D36408086}.DebugGame Editor|Windows.ActiveCfg = DebugGame_Editor|x64
		{E9553056-D072-4E6B-A8A3-6F2D36408086}.DebugGame Editor|Windows.Build.0 = DebugGame_Editor|x64
		{E9553056-D072-4E6B-A8A3-6F2D36408086}.DebugGame|Windows.ActiveCfg = DebugGame_Game|x64
		{E9553056-D072-4E6B-A8A3-6F2D36408086}.DebugGame|Windows.Build.0 = DebugGame_Game|x64
		{E9553056-D072-4E6B-A8A3-6F2D36408086}.Development Editor|Windows.ActiveCfg = Development_Editor|x64
		{E9553056-D072-4E6B-A8A3-6F2D36408086}.Development Editor|Windows.Build.0 = Development_Editor|x64
		{E9553056-D072-4E6B-A8A3-6F2D36408086}.Development|Windows.ActiveCfg = Development_Game|x64
		{E9553056-D072-4E6B-A8A3-6F2D36408086}.Development|Windows.Build.0 = Development_Game|x64
		{E9553056-D072-4E6B-A8A3-6F2D36408086}.Shipping|Windows.ActiveCfg = Shipping_Game|Win32
		{E9553056-D072-4E6B-A8A3-6F2D36408086}.Shipping|Windows.Build.0 = Shipping_Game|Win32
		{798E34E2-F0D4-4362-9160-1FD093E294EA}.DebugGame Editor|Windows.ActiveCfg = BuiltWithUnrealBuildTool|Win32
		{798E34E2-F0D4-4362-9160-1FD093E294EA}.DebugGame|Windows.ActiveCfg = BuiltWithUnrealBuildTool|Win32
		{798E34E2-F0D4-4362-9160-1FD093E294EA}.Development Editor|Windows.ActiveCfg = BuiltWithUnrealBuildTool|Win32
		{798E34E2-F0D4-4362-9160-1FD093E294EA}.Development|Windows.ActiveCfg = BuiltWithUnrealBuildTool|Win32
		{798E34E2-F0D4-4362-9160-1FD093E294EA}.Shipping|Windows.ActiveCfg = BuiltWithUnrealBuildTool|Win32
	EndGlobalSection
	GlobalSection(SolutionProperties) = preSolution
		HideSolutionNode = FALSE
	EndGlobalSection
	GlobalSection(NestedProjects) = preSolution
		{E9553056-D072-4E6B-A8A3-6F2D36408086} = {1A3222A0-8B25-4561-B8E3-CB71E67C2BBE}
		{798E34E2-F0D4-4362-9160-1FD093E294EA} = {17CCDA16-D249-4166-A679-8B2F7B33B72C}
	EndGlobalSection
EndGlobal
